
Microsoft Visual Studio Solution File, Format Version 12.00
# Visual Studio Version 17
VisualStudioVersion = 17.14.36518.9
MinimumVisualStudioVersion = 10.0.40219.1
Project("{FAE04EC0-301F-11D3-BF4B-00C04F79EFBC}") = "Diplom_Stud", "Diplom_Stud.csproj", "{99CFBFB0-FAE6-402E-8A88-1CBAABE10ECB}"
EndProject
Global
	GlobalSection(SolutionConfigurationPlatforms) = preSolution
		Debug|Any CPU = Debug|Any CPU
		Release|Any CPU = Release|Any CPU
	EndGlobalSection
	GlobalSection(ProjectConfigurationPlatforms) = postSolution
		{99CFBFB0-FAE6-402E-8A88-1CBAABE10ECB}.Debug|Any CPU.ActiveCfg = Debug|Any CPU
		{99CFBFB0-FAE6-402E-8A88-1CBAABE10ECB}.Debug|Any CPU.Build.0 = Debug|Any CPU
		{99CFBFB0-FAE6-402E-8A88-1CBAABE10ECB}.Release|Any CPU.ActiveCfg = Release|Any CPU
		{99CFBFB0-FAE6-402E-8A88-1CBAABE10ECB}.Release|Any CPU.Build.0 = Release|Any CPU
	EndGlobalSection
	GlobalSection(SolutionProperties) = preSolution
		HideSolutionNode = FALSE
	EndGlobalSection
	GlobalSection(ExtensibilityGlobals) = postSolution
		SolutionGuid = {337BE013-7783-4F02-AE51-40EFF40712C1}
	EndGlobalSection
EndGlobal
